
Microsoft Visual Studio Solution File, Format Version 12.00
# Visual Studio 15
Project("{FAE04EC0-301F-11D3-BF4B-00C04F79EFBC}") = "UnityEngine.TestRunner", "UnityEngine.TestRunner.csproj", "{6261A371-4346-1C60-B9F2-14595A7C2F94}"
EndProject
Project("{FAE04EC0-301F-11D3-BF4B-00C04F79EFBC}") = "Unity.Mathematics", "Unity.Mathematics.csproj", "{B0FF19BE-0A8D-0EF2-5F43-48A0D7C071D1}"
EndProject
Project("{FAE04EC0-301F-11D3-BF4B-00C04F79EFBC}") = "Unity.2D.Animation.Triangle.Runtime", "Unity.2D.Animation.Triangle.Runtime.csproj", "{F4DB74A0-14FC-649C-749E-05981B7C3EF9}"
EndProject
Project("{FAE04EC0-301F-11D3-BF4B-00C04F79EFBC}") = "Unity.Timeline", "Unity.Timeline.csproj", "{5E3B8EA2-CBCA-3139-B1F4-B4F5F6E29279}"
EndProject
Project("{FAE04EC0-301F-11D3-BF4B-00C04F79EFBC}") = "UnityEngine.UI", "UnityEngine.UI.csproj", "{2A17EC37-1104-CEA2-A317-BA52A18A3450}"
EndProject
Project("{FAE04EC0-301F-11D3-BF4B-00C04F79EFBC}") = "Unity.TextMeshPro", "Unity.TextMeshPro.csproj", "{2956A5D6-8030-FAA2-36BD-DE2D6162D55D}"
EndProject
Project("{FAE04EC0-301F-11D3-BF4B-00C04F79EFBC}") = "Unity.2D.Animation.Runtime", "Unity.2D.Animation.Runtime.csproj", "{7AE24CD5-CA0C-711D-59EF-47B2270BC0DE}"
EndProject
Project("{FAE04EC0-301F-11D3-BF4B-00C04F79EFBC}") = "Assembly-CSharp", "Assembly-CSharp.csproj", "{72796F39-B20F-6370-4513-AB8F35C3A424}"
EndProject
Project("{FAE04EC0-301F-11D3-BF4B-00C04F79EFBC}") = "Unity.2D.IK.Runtime", "Unity.2D.IK.Runtime.csproj", "{79FBAC87-B444-FC06-C16F-FF6508A7561A}"
EndProject
Project("{FAE04EC0-301F-11D3-BF4B-00C04F79EFBC}") = "Unity.2D.SpriteShape.Runtime", "Unity.2D.SpriteShape.Runtime.csproj", "{5F4FC6D2-A210-E6E1-0F12-3DA6B9E0B861}"
EndProject
Project("{FAE04EC0-301F-11D3-BF4B-00C04F79EFBC}") = "Unity.2D.PixelPerfect", "Unity.2D.PixelPerfect.csproj", "{A6274C67-8284-80D9-C137-5F5583A9E8E8}"
EndProject
Project("{FAE04EC0-301F-11D3-BF4B-00C04F79EFBC}") = "Unity.2D.Common.Runtime", "Unity.2D.Common.Runtime.csproj", "{AEA628F0-89B0-2C08-3BF3-5AE101565665}"
EndProject
Project("{FAE04EC0-301F-11D3-BF4B-00C04F79EFBC}") = "Unity.InternalAPIEngineBridge.001", "Unity.InternalAPIEngineBridge.001.csproj", "{FF215CBA-9D04-55F1-6C1E-848E37BBBC5A}"
EndProject
Project("{FAE04EC0-301F-11D3-BF4B-00C04F79EFBC}") = "UnityEditor.TestRunner", "UnityEditor.TestRunner.csproj", "{C911F0A4-E023-739F-3A2A-38C77C656F4E}"
EndProject
Project("{FAE04EC0-301F-11D3-BF4B-00C04F79EFBC}") = "Unity.PlasticSCM.Editor", "Unity.PlasticSCM.Editor.csproj", "{8D97B48C-3883-72B0-241E-73E287106D10}"
EndProject
Project("{FAE04EC0-301F-11D3-BF4B-00C04F79EFBC}") = "UnityEditor.UI", "UnityEditor.UI.csproj", "{C5B9AC84-E686-FD7E-CCC1-186B5284925F}"
EndProject
Project("{FAE04EC0-301F-11D3-BF4B-00C04F79EFBC}") = "Unity.Timeline.Editor", "Unity.Timeline.Editor.csproj", "{D7DE5BE4-7D2E-F2A7-699B-45CD692F143B}"
EndProject
Project("{FAE04EC0-301F-11D3-BF4B-00C04F79EFBC}") = "Unity.VisualStudio.Editor", "Unity.VisualStudio.Editor.csproj", "{F9A735AB-1FAE-D591-D7C3-BD52193AB4BA}"
EndProject
Project("{FAE04EC0-301F-11D3-BF4B-00C04F79EFBC}") = "Unity.2D.Psdimporter.Editor", "Unity.2D.Psdimporter.Editor.csproj", "{A0DE522F-87A5-A760-5230-329A2DDD8BB0}"
EndProject
Project("{FAE04EC0-301F-11D3-BF4B-00C04F79EFBC}") = "Unity.2D.Animation.Editor", "Unity.2D.Animation.Editor.csproj", "{09F8AFCC-2A62-ED17-1D2B-2C2A45A3756A}"
EndProject
Project("{FAE04EC0-301F-11D3-BF4B-00C04F79EFBC}") = "Unity.TextMeshPro.Editor", "Unity.TextMeshPro.Editor.csproj", "{91224AC0-C5A3-1DEC-FF36-49BC1D61E046}"
EndProject
Project("{FAE04EC0-301F-11D3-BF4B-00C04F79EFBC}") = "Unity.2D.SpriteShape.Editor", "Unity.2D.SpriteShape.Editor.csproj", "{F21D3265-C142-3976-9CD9-42C0ABEA3685}"
EndProject
Project("{FAE04EC0-301F-11D3-BF4B-00C04F79EFBC}") = "Unity.CollabProxy.Editor", "Unity.CollabProxy.Editor.csproj", "{B0079581-FC1E-ACC1-5BA6-52391F2F981E}"
EndProject
Project("{FAE04EC0-301F-11D3-BF4B-00C04F79EFBC}") = "PsdPlugin", "PsdPlugin.csproj", "{F2290488-06A4-774B-BF06-414E7A730418}"
EndProject
Project("{FAE04EC0-301F-11D3-BF4B-00C04F79EFBC}") = "Unity.2D.Path.Editor", "Unity.2D.Path.Editor.csproj", "{DFBDD395-9C34-1CC1-7AAD-F85CF00C109E}"
EndProject
Project("{FAE04EC0-301F-11D3-BF4B-00C04F79EFBC}") = "Unity.Rider.Editor", "Unity.Rider.Editor.csproj", "{289E58F2-D242-6473-F3C9-A2620A795F72}"
EndProject
Project("{FAE04EC0-301F-11D3-BF4B-00C04F79EFBC}") = "Unity.2D.IK.Editor", "Unity.2D.IK.Editor.csproj", "{17A3CCA8-EFDE-737B-9B93-DEFC3E4651EF}"
EndProject
Project("{FAE04EC0-301F-11D3-BF4B-00C04F79EFBC}") = "Unity.2D.Sprite.Editor", "Unity.2D.Sprite.Editor.csproj", "{17051FD9-5E68-C175-F95C-C69211AC42CF}"
EndProject
Project("{FAE04EC0-301F-11D3-BF4B-00C04F79EFBC}") = "Unity.2D.Tilemap.Editor", "Unity.2D.Tilemap.Editor.csproj", "{AD36CE2D-9EC6-843E-9E72-7B47042E10A1}"
EndProject
Project("{FAE04EC0-301F-11D3-BF4B-00C04F79EFBC}") = "Unity.2D.PixelPerfect.Editor", "Unity.2D.PixelPerfect.Editor.csproj", "{D9340571-9A22-CE88-49A7-7FF636FD16DC}"
EndProject
Project("{FAE04EC0-301F-11D3-BF4B-00C04F79EFBC}") = "Unity.VSCode.Editor", "Unity.VSCode.Editor.csproj", "{6D77227F-37DE-CC19-B853-D8D85E037840}"
EndProject
Project("{FAE04EC0-301F-11D3-BF4B-00C04F79EFBC}") = "Unity.2D.Common.Editor", "Unity.2D.Common.Editor.csproj", "{6474CE00-504F-E8BC-5405-0125410DF63D}"
EndProject
Project("{FAE04EC0-301F-11D3-BF4B-00C04F79EFBC}") = "Unity.Mathematics.Editor", "Unity.Mathematics.Editor.csproj", "{863D8CFA-FE70-2FF0-1C94-71A5ED168C77}"
EndProject
Project("{FAE04EC0-301F-11D3-BF4B-00C04F79EFBC}") = "Unity.InternalAPIEditorBridge.001", "Unity.InternalAPIEditorBridge.001.csproj", "{EDC6AD33-9036-5280-B298-AE16AA6A311F}"
EndProject
Project("{FAE04EC0-301F-11D3-BF4B-00C04F79EFBC}") = "UnityEngine.TestRunner", "UnityEngine.TestRunner.Player.csproj", "{B495CDDF-DEA1-533D-F939-4325DF2DC472}"
EndProject
Project("{FAE04EC0-301F-11D3-BF4B-00C04F79EFBC}") = "Unity.Mathematics", "Unity.Mathematics.Player.csproj", "{FD3CBEF9-FA28-DD9F-EDFF-1F7AA1363608}"
EndProject
Project("{FAE04EC0-301F-11D3-BF4B-00C04F79EFBC}") = "Unity.2D.Animation.Triangle.Runtime", "Unity.2D.Animation.Triangle.Runtime.Player.csproj", "{0052EA83-6D23-A032-9865-792D0DA3FE79}"
EndProject
Project("{FAE04EC0-301F-11D3-BF4B-00C04F79EFBC}") = "Unity.Timeline", "Unity.Timeline.Player.csproj", "{87EB5D23-F052-1DD5-2440-774B87DC2E7D}"
EndProject
Project("{FAE04EC0-301F-11D3-BF4B-00C04F79EFBC}") = "UnityEngine.UI", "UnityEngine.UI.Player.csproj", "{3C0FAA93-1154-0CA5-023D-4A2D97CD8909}"
EndProject
Project("{FAE04EC0-301F-11D3-BF4B-00C04F79EFBC}") = "Unity.TextMeshPro", "Unity.TextMeshPro.Player.csproj", "{9187344D-241E-316B-FF0D-1B07C0B5832C}"
EndProject
Project("{FAE04EC0-301F-11D3-BF4B-00C04F79EFBC}") = "Unity.2D.Animation.Runtime", "Unity.2D.Animation.Runtime.Player.csproj", "{2505A937-77D6-E9ED-9E42-F4ADD4FC4D35}"
EndProject
Project("{FAE04EC0-301F-11D3-BF4B-00C04F79EFBC}") = "Assembly-CSharp", "Assembly-CSharp.Player.csproj", "{6860A676-2875-05DB-58DD-B545D4AEA4BF}"
EndProject
Project("{FAE04EC0-301F-11D3-BF4B-00C04F79EFBC}") = "Unity.2D.IK.Runtime", "Unity.2D.IK.Runtime.Player.csproj", "{4DC771CC-AE62-3666-EE1B-6ABB77588D6A}"
EndProject
Project("{FAE04EC0-301F-11D3-BF4B-00C04F79EFBC}") = "Unity.2D.SpriteShape.Runtime", "Unity.2D.SpriteShape.Runtime.Player.csproj", "{2E0989E3-29E3-F15A-880B-4ACB542353CE}"
EndProject
Project("{FAE04EC0-301F-11D3-BF4B-00C04F79EFBC}") = "Unity.2D.PixelPerfect", "Unity.2D.PixelPerfect.Player.csproj", "{D3D5CD03-BA21-C8DC-6D20-8C631263447F}"
EndProject
Project("{FAE04EC0-301F-11D3-BF4B-00C04F79EFBC}") = "Unity.2D.Common.Runtime", "Unity.2D.Common.Runtime.Player.csproj", "{B71EDEC9-E867-814B-3AFA-4002F0DFA5C0}"
EndProject
Project("{FAE04EC0-301F-11D3-BF4B-00C04F79EFBC}") = "Unity.InternalAPIEngineBridge.001", "Unity.InternalAPIEngineBridge.001.Player.csproj", "{4C9E4C6E-64C7-54DE-CF30-977AED0F0E77}"
EndProject
Global
	GlobalSection(SolutionConfigurationPlatforms) = preSolution
		Debug|Any CPU = Debug|Any CPU
		Release|Any CPU = Release|Any CPU
	EndGlobalSection
	GlobalSection(ProjectConfigurationPlatforms) = postSolution
		{6261A371-4346-1C60-B9F2-14595A7C2F94}.Debug|Any CPU.ActiveCfg = Debug|Any CPU
		{6261A371-4346-1C60-B9F2-14595A7C2F94}.Debug|Any CPU.Build.0 = Debug|Any CPU
		{6261A371-4346-1C60-B9F2-14595A7C2F94}.Release|Any CPU.ActiveCfg = Release|Any CPU
		{6261A371-4346-1C60-B9F2-14595A7C2F94}.Release|Any CPU.Build.0 = Release|Any CPU
		{B0FF19BE-0A8D-0EF2-5F43-48A0D7C071D1}.Debug|Any CPU.ActiveCfg = Debug|Any CPU
		{B0FF19BE-0A8D-0EF2-5F43-48A0D7C071D1}.Debug|Any CPU.Build.0 = Debug|Any CPU
		{B0FF19BE-0A8D-0EF2-5F43-48A0D7C071D1}.Release|Any CPU.ActiveCfg = Release|Any CPU
		{B0FF19BE-0A8D-0EF2-5F43-48A0D7C071D1}.Release|Any CPU.Build.0 = Release|Any CPU
		{F4DB74A0-14FC-649C-749E-05981B7C3EF9}.Debug|Any CPU.ActiveCfg = Debug|Any CPU
		{F4DB74A0-14FC-649C-749E-05981B7C3EF9}.Debug|Any CPU.Build.0 = Debug|Any CPU
		{F4DB74A0-14FC-649C-749E-05981B7C3EF9}.Release|Any CPU.ActiveCfg = Release|Any CPU
		{F4DB74A0-14FC-649C-749E-05981B7C3EF9}.Release|Any CPU.Build.0 = Release|Any CPU
		{5E3B8EA2-CBCA-3139-B1F4-B4F5F6E29279}.Debug|Any CPU.ActiveCfg = Debug|Any CPU
		{5E3B8EA2-CBCA-3139-B1F4-B4F5F6E29279}.Debug|Any CPU.Build.0 = Debug|Any CPU
		{5E3B8EA2-CBCA-3139-B1F4-B4F5F6E29279}.Release|Any CPU.ActiveCfg = Release|Any CPU
		{5E3B8EA2-CBCA-3139-B1F4-B4F5F6E29279}.Release|Any CPU.Build.0 = Release|Any CPU
		{2A17EC37-1104-CEA2-A317-BA52A18A3450}.Debug|Any CPU.ActiveCfg = Debug|Any CPU
		{2A17EC37-1104-CEA2-A317-BA52A18A3450}.Debug|Any CPU.Build.0 = Debug|Any CPU
		{2A17EC37-1104-CEA2-A317-BA52A18A3450}.Release|Any CPU.ActiveCfg = Release|Any CPU
		{2A17EC37-1104-CEA2-A317-BA52A18A3450}.Release|Any CPU.Build.0 = Release|Any CPU
		{2956A5D6-8030-FAA2-36BD-DE2D6162D55D}.Debug|Any CPU.ActiveCfg = Debug|Any CPU
		{2956A5D6-8030-FAA2-36BD-DE2D6162D55D}.Debug|Any CPU.Build.0 = Debug|Any CPU
		{2956A5D6-8030-FAA2-36BD-DE2D6162D55D}.Release|Any CPU.ActiveCfg = Release|Any CPU
		{2956A5D6-8030-FAA2-36BD-DE2D6162D55D}.Release|Any CPU.Build.0 = Release|Any CPU
		{7AE24CD5-CA0C-711D-59EF-47B2270BC0DE}.Debug|Any CPU.ActiveCfg = Debug|Any CPU
		{7AE24CD5-CA0C-711D-59EF-47B2270BC0DE}.Debug|Any CPU.Build.0 = Debug|Any CPU
		{7AE24CD5-CA0C-711D-59EF-47B2270BC0DE}.Release|Any CPU.ActiveCfg = Release|Any CPU
		{7AE24CD5-CA0C-711D-59EF-47B2270BC0DE}.Release|Any CPU.Build.0 = Release|Any CPU
		{72796F39-B20F-6370-4513-AB8F35C3A424}.Debug|Any CPU.ActiveCfg = Debug|Any CPU
		{72796F39-B20F-6370-4513-AB8F35C3A424}.Debug|Any CPU.Build.0 = Debug|Any CPU
		{72796F39-B20F-6370-4513-AB8F35C3A424}.Release|Any CPU.ActiveCfg = Release|Any CPU
		{72796F39-B20F-6370-4513-AB8F35C3A424}.Release|Any CPU.Build.0 = Release|Any CPU
		{79FBAC87-B444-FC06-C16F-FF6508A7561A}.Debug|Any CPU.ActiveCfg = Debug|Any CPU
		{79FBAC87-B444-FC06-C16F-FF6508A7561A}.Debug|Any CPU.Build.0 = Debug|Any CPU
		{79FBAC87-B444-FC06-C16F-FF6508A7561A}.Release|Any CPU.ActiveCfg = Release|Any CPU
		{79FBAC87-B444-FC06-C16F-FF6508A7561A}.Release|Any CPU.Build.0 = Release|Any CPU
		{5F4FC6D2-A210-E6E1-0F12-3DA6B9E0B861}.Debug|Any CPU.ActiveCfg = Debug|Any CPU
		{5F4FC6D2-A210-E6E1-0F12-3DA6B9E0B861}.Debug|Any CPU.Build.0 = Debug|Any CPU
		{5F4FC6D2-A210-E6E1-0F12-3DA6B9E0B861}.Release|Any CPU.ActiveCfg = Release|Any CPU
		{5F4FC6D2-A210-E6E1-0F12-3DA6B9E0B861}.Release|Any CPU.Build.0 = Release|Any CPU
		{A6274C67-8284-80D9-C137-5F5583A9E8E8}.Debug|Any CPU.ActiveCfg = Debug|Any CPU
		{A6274C67-8284-80D9-C137-5F5583A9E8E8}.Debug|Any CPU.Build.0 = Debug|Any CPU
		{A6274C67-8284-80D9-C137-5F5583A9E8E8}.Release|Any CPU.ActiveCfg = Release|Any CPU
		{A6274C67-8284-80D9-C137-5F5583A9E8E8}.Release|Any CPU.Build.0 = Release|Any CPU
		{AEA628F0-89B0-2C08-3BF3-5AE101565665}.Debug|Any CPU.ActiveCfg = Debug|Any CPU
		{AEA628F0-89B0-2C08-3BF3-5AE101565665}.Debug|Any CPU.Build.0 = Debug|Any CPU
		{AEA628F0-89B0-2C08-3BF3-5AE101565665}.Release|Any CPU.ActiveCfg = Release|Any CPU
		{AEA628F0-89B0-2C08-3BF3-5AE101565665}.Release|Any CPU.Build.0 = Release|Any CPU
		{FF215CBA-9D04-55F1-6C1E-848E37BBBC5A}.Debug|Any CPU.ActiveCfg = Debug|Any CPU
		{FF215CBA-9D04-55F1-6C1E-848E37BBBC5A}.Debug|Any CPU.Build.0 = Debug|Any CPU
		{FF215CBA-9D04-55F1-6C1E-848E37BBBC5A}.Release|Any CPU.ActiveCfg = Release|Any CPU
		{FF215CBA-9D04-55F1-6C1E-848E37BBBC5A}.Release|Any CPU.Build.0 = Release|Any CPU
		{C911F0A4-E023-739F-3A2A-38C77C656F4E}.Debug|Any CPU.ActiveCfg = Debug|Any CPU
		{C911F0A4-E023-739F-3A2A-38C77C656F4E}.Debug|Any CPU.Build.0 = Debug|Any CPU
		{C911F0A4-E023-739F-3A2A-38C77C656F4E}.Release|Any CPU.ActiveCfg = Release|Any CPU
		{C911F0A4-E023-739F-3A2A-38C77C656F4E}.Release|Any CPU.Build.0 = Release|Any CPU
		{8D97B48C-3883-72B0-241E-73E287106D10}.Debug|Any CPU.ActiveCfg = Debug|Any CPU
		{8D97B48C-3883-72B0-241E-73E287106D10}.Debug|Any CPU.Build.0 = Debug|Any CPU
		{8D97B48C-3883-72B0-241E-73E287106D10}.Release|Any CPU.ActiveCfg = Release|Any CPU
		{8D97B48C-3883-72B0-241E-73E287106D10}.Release|Any CPU.Build.0 = Release|Any CPU
		{C5B9AC84-E686-FD7E-CCC1-186B5284925F}.Debug|Any CPU.ActiveCfg = Debug|Any CPU
		{C5B9AC84-E686-FD7E-CCC1-186B5284925F}.Debug|Any CPU.Build.0 = Debug|Any CPU
		{C5B9AC84-E686-FD7E-CCC1-186B5284925F}.Release|Any CPU.ActiveCfg = Release|Any CPU
		{C5B9AC84-E686-FD7E-CCC1-186B5284925F}.Release|Any CPU.Build.0 = Release|Any CPU
		{D7DE5BE4-7D2E-F2A7-699B-45CD692F143B}.Debug|Any CPU.ActiveCfg = Debug|Any CPU
		{D7DE5BE4-7D2E-F2A7-699B-45CD692F143B}.Debug|Any CPU.Build.0 = Debug|Any CPU
		{D7DE5BE4-7D2E-F2A7-699B-45CD692F143B}.Release|Any CPU.ActiveCfg = Release|Any CPU
		{D7DE5BE4-7D2E-F2A7-699B-45CD692F143B}.Release|Any CPU.Build.0 = Release|Any CPU
		{F9A735AB-1FAE-D591-D7C3-BD52193AB4BA}.Debug|Any CPU.ActiveCfg = Debug|Any CPU
		{F9A735AB-1FAE-D591-D7C3-BD52193AB4BA}.Debug|Any CPU.Build.0 = Debug|Any CPU
		{F9A735AB-1FAE-D591-D7C3-BD52193AB4BA}.Release|Any CPU.ActiveCfg = Release|Any CPU
		{F9A735AB-1FAE-D591-D7C3-BD52193AB4BA}.Release|Any CPU.Build.0 = Release|Any CPU
		{A0DE522F-87A5-A760-5230-329A2DDD8BB0}.Debug|Any CPU.ActiveCfg = Debug|Any CPU
		{A0DE522F-87A5-A760-5230-329A2DDD8BB0}.Debug|Any CPU.Build.0 = Debug|Any CPU
		{A0DE522F-87A5-A760-5230-329A2DDD8BB0}.Release|Any CPU.ActiveCfg = Release|Any CPU
		{A0DE522F-87A5-A760-5230-329A2DDD8BB0}.Release|Any CPU.Build.0 = Release|Any CPU
		{09F8AFCC-2A62-ED17-1D2B-2C2A45A3756A}.Debug|Any CPU.ActiveCfg = Debug|Any CPU
		{09F8AFCC-2A62-ED17-1D2B-2C2A45A3756A}.Debug|Any CPU.Build.0 = Debug|Any CPU
		{09F8AFCC-2A62-ED17-1D2B-2C2A45A3756A}.Release|Any CPU.ActiveCfg = Release|Any CPU
		{09F8AFCC-2A62-ED17-1D2B-2C2A45A3756A}.Release|Any CPU.Build.0 = Release|Any CPU
		{91224AC0-C5A3-1DEC-FF36-49BC1D61E046}.Debug|Any CPU.ActiveCfg = Debug|Any CPU
		{91224AC0-C5A3-1DEC-FF36-49BC1D61E046}.Debug|Any CPU.Build.0 = Debug|Any CPU
		{91224AC0-C5A3-1DEC-FF36-49BC1D61E046}.Release|Any CPU.ActiveCfg = Release|Any CPU
		{91224AC0-C5A3-1DEC-FF36-49BC1D61E046}.Release|Any CPU.Build.0 = Release|Any CPU
		{F21D3265-C142-3976-9CD9-42C0ABEA3685}.Debug|Any CPU.ActiveCfg = Debug|Any CPU
		{F21D3265-C142-3976-9CD9-42C0ABEA3685}.Debug|Any CPU.Build.0 = Debug|Any CPU
		{F21D3265-C142-3976-9CD9-42C0ABEA3685}.Release|Any CPU.ActiveCfg = Release|Any CPU
		{F21D3265-C142-3976-9CD9-42C0ABEA3685}.Release|Any CPU.Build.0 = Release|Any CPU
		{B0079581-FC1E-ACC1-5BA6-52391F2F981E}.Debug|Any CPU.ActiveCfg = Debug|Any CPU
		{B0079581-FC1E-ACC1-5BA6-52391F2F981E}.Debug|Any CPU.Build.0 = Debug|Any CPU
		{B0079581-FC1E-ACC1-5BA6-52391F2F981E}.Release|Any CPU.ActiveCfg = Release|Any CPU
		{B0079581-FC1E-ACC1-5BA6-52391F2F981E}.Release|Any CPU.Build.0 = Release|Any CPU
		{F2290488-06A4-774B-BF06-414E7A730418}.Debug|Any CPU.ActiveCfg = Debug|Any CPU
		{F2290488-06A4-774B-BF06-414E7A730418}.Debug|Any CPU.Build.0 = Debug|Any CPU
		{F2290488-06A4-774B-BF06-414E7A730418}.Release|Any CPU.ActiveCfg = Release|Any CPU
		{F2290488-06A4-774B-BF06-414E7A730418}.Release|Any CPU.Build.0 = Release|Any CPU
		{DFBDD395-9C34-1CC1-7AAD-F85CF00C109E}.Debug|Any CPU.ActiveCfg = Debug|Any CPU
		{DFBDD395-9C34-1CC1-7AAD-F85CF00C109E}.Debug|Any CPU.Build.0 = Debug|Any CPU
		{DFBDD395-9C34-1CC1-7AAD-F85CF00C109E}.Release|Any CPU.ActiveCfg = Release|Any CPU
		{DFBDD395-9C34-1CC1-7AAD-F85CF00C109E}.Release|Any CPU.Build.0 = Release|Any CPU
		{289E58F2-D242-6473-F3C9-A2620A795F72}.Debug|Any CPU.ActiveCfg = Debug|Any CPU
		{289E58F2-D242-6473-F3C9-A2620A795F72}.Debug|Any CPU.Build.0 = Debug|Any CPU
		{289E58F2-D242-6473-F3C9-A2620A795F72}.Release|Any CPU.ActiveCfg = Release|Any CPU
		{289E58F2-D242-6473-F3C9-A2620A795F72}.Release|Any CPU.Build.0 = Release|Any CPU
		{17A3CCA8-EFDE-737B-9B93-DEFC3E4651EF}.Debug|Any CPU.ActiveCfg = Debug|Any CPU
		{17A3CCA8-EFDE-737B-9B93-DEFC3E4651EF}.Debug|Any CPU.Build.0 = Debug|Any CPU
		{17A3CCA8-EFDE-737B-9B93-DEFC3E4651EF}.Release|Any CPU.ActiveCfg = Release|Any CPU
		{17A3CCA8-EFDE-737B-9B93-DEFC3E4651EF}.Release|Any CPU.Build.0 = Release|Any CPU
		{17051FD9-5E68-C175-F95C-C69211AC42CF}.Debug|Any CPU.ActiveCfg = Debug|Any CPU
		{17051FD9-5E68-C175-F95C-C69211AC42CF}.Debug|Any CPU.Build.0 = Debug|Any CPU
		{17051FD9-5E68-C175-F95C-C69211AC42CF}.Release|Any CPU.ActiveCfg = Release|Any CPU
		{17051FD9-5E68-C175-F95C-C69211AC42CF}.Release|Any CPU.Build.0 = Release|Any CPU
		{AD36CE2D-9EC6-843E-9E72-7B47042E10A1}.Debug|Any CPU.ActiveCfg = Debug|Any CPU
		{AD36CE2D-9EC6-843E-9E72-7B47042E10A1}.Debug|Any CPU.Build.0 = Debug|Any CPU
		{AD36CE2D-9EC6-843E-9E72-7B47042E10A1}.Release|Any CPU.ActiveCfg = Release|Any CPU
		{AD36CE2D-9EC6-843E-9E72-7B47042E10A1}.Release|Any CPU.Build.0 = Release|Any CPU
		{D9340571-9A22-CE88-49A7-7FF636FD16DC}.Debug|Any CPU.ActiveCfg = Debug|Any CPU
		{D9340571-9A22-CE88-49A7-7FF636FD16DC}.Debug|Any CPU.Build.0 = Debug|Any CPU
		{D9340571-9A22-CE88-49A7-7FF636FD16DC}.Release|Any CPU.ActiveCfg = Release|Any CPU
		{D9340571-9A22-CE88-49A7-7FF636FD16DC}.Release|Any CPU.Build.0 = Release|Any CPU
		{6D77227F-37DE-CC19-B853-D8D85E037840}.Debug|Any CPU.ActiveCfg = Debug|Any CPU
		{6D77227F-37DE-CC19-B853-D8D85E037840}.Debug|Any CPU.Build.0 = Debug|Any CPU
		{6D77227F-37DE-CC19-B853-D8D85E037840}.Release|Any CPU.ActiveCfg = Release|Any CPU
		{6D77227F-37DE-CC19-B853-D8D85E037840}.Release|Any CPU.Build.0 = Release|Any CPU
		{6474CE00-504F-E8BC-5405-0125410DF63D}.Debug|Any CPU.ActiveCfg = Debug|Any CPU
		{6474CE00-504F-E8BC-5405-0125410DF63D}.Debug|Any CPU.Build.0 = Debug|Any CPU
		{6474CE00-504F-E8BC-5405-0125410DF63D}.Release|Any CPU.ActiveCfg = Release|Any CPU
		{6474CE00-504F-E8BC-5405-0125410DF63D}.Release|Any CPU.Build.0 = Release|Any CPU
		{863D8CFA-FE70-2FF0-1C94-71A5ED168C77}.Debug|Any CPU.ActiveCfg = Debug|Any CPU
		{863D8CFA-FE70-2FF0-1C94-71A5ED168C77}.Debug|Any CPU.Build.0 = Debug|Any CPU
		{863D8CFA-FE70-2FF0-1C94-71A5ED168C77}.Release|Any CPU.ActiveCfg = Release|Any CPU
		{863D8CFA-FE70-2FF0-1C94-71A5ED168C77}.Release|Any CPU.Build.0 = Release|Any CPU
		{EDC6AD33-9036-5280-B298-AE16AA6A311F}.Debug|Any CPU.ActiveCfg = Debug|Any CPU
		{EDC6AD33-9036-5280-B298-AE16AA6A311F}.Debug|Any CPU.Build.0 = Debug|Any CPU
		{EDC6AD33-9036-5280-B298-AE16AA6A311F}.Release|Any CPU.ActiveCfg = Release|Any CPU
		{EDC6AD33-9036-5280-B298-AE16AA6A311F}.Release|Any CPU.Build.0 = Release|Any CPU
		{B495CDDF-DEA1-533D-F939-4325DF2DC472}.Debug|Any CPU.ActiveCfg = Debug|Any CPU
		{B495CDDF-DEA1-533D-F939-4325DF2DC472}.Debug|Any CPU.Build.0 = Debug|Any CPU
		{B495CDDF-DEA1-533D-F939-4325DF2DC472}.Release|Any CPU.ActiveCfg = Release|Any CPU
		{B495CDDF-DEA1-533D-F939-4325DF2DC472}.Release|Any CPU.Build.0 = Release|Any CPU
		{FD3CBEF9-FA28-DD9F-EDFF-1F7AA1363608}.Debug|Any CPU.ActiveCfg = Debug|Any CPU
		{FD3CBEF9-FA28-DD9F-EDFF-1F7AA1363608}.Debug|Any CPU.Build.0 = Debug|Any CPU
		{FD3CBEF9-FA28-DD9F-EDFF-1F7AA1363608}.Release|Any CPU.ActiveCfg = Release|Any CPU
		{FD3CBEF9-FA28-DD9F-EDFF-1F7AA1363608}.Release|Any CPU.Build.0 = Release|Any CPU
		{0052EA83-6D23-A032-9865-792D0DA3FE79}.Debug|Any CPU.ActiveCfg = Debug|Any CPU
		{0052EA83-6D23-A032-9865-792D0DA3FE79}.Debug|Any CPU.Build.0 = Debug|Any CPU
		{0052EA83-6D23-A032-9865-792D0DA3FE79}.Release|Any CPU.ActiveCfg = Release|Any CPU
		{0052EA83-6D23-A032-9865-792D0DA3FE79}.Release|Any CPU.Build.0 = Release|Any CPU
		{87EB5D23-F052-1DD5-2440-774B87DC2E7D}.Debug|Any CPU.ActiveCfg = Debug|Any CPU
		{87EB5D23-F052-1DD5-2440-774B87DC2E7D}.Debug|Any CPU.Build.0 = Debug|Any CPU
		{87EB5D23-F052-1DD5-2440-774B87DC2E7D}.Release|Any CPU.ActiveCfg = Release|Any CPU
		{87EB5D23-F052-1DD5-2440-774B87DC2E7D}.Release|Any CPU.Build.0 = Release|Any CPU
		{3C0FAA93-1154-0CA5-023D-4A2D97CD8909}.Debug|Any CPU.ActiveCfg = Debug|Any CPU
		{3C0FAA93-1154-0CA5-023D-4A2D97CD8909}.Debug|Any CPU.Build.0 = Debug|Any CPU
		{3C0FAA93-1154-0CA5-023D-4A2D97CD8909}.Release|Any CPU.ActiveCfg = Release|Any CPU
		{3C0FAA93-1154-0CA5-023D-4A2D97CD8909}.Release|Any CPU.Build.0 = Release|Any CPU
		{9187344D-241E-316B-FF0D-1B07C0B5832C}.Debug|Any CPU.ActiveCfg = Debug|Any CPU
		{9187344D-241E-316B-FF0D-1B07C0B5832C}.Debug|Any CPU.Build.0 = Debug|Any CPU
		{9187344D-241E-316B-FF0D-1B07C0B5832C}.Release|Any CPU.ActiveCfg = Release|Any CPU
		{9187344D-241E-316B-FF0D-1B07C0B5832C}.Release|Any CPU.Build.0 = Release|Any CPU
		{2505A937-77D6-E9ED-9E42-F4ADD4FC4D35}.Debug|Any CPU.ActiveCfg = Debug|Any CPU
		{2505A937-77D6-E9ED-9E42-F4ADD4FC4D35}.Debug|Any CPU.Build.0 = Debug|Any CPU
		{2505A937-77D6-E9ED-9E42-F4ADD4FC4D35}.Release|Any CPU.ActiveCfg = Release|Any CPU
		{2505A937-77D6-E9ED-9E42-F4ADD4FC4D35}.Release|Any CPU.Build.0 = Release|Any CPU
		{6860A676-2875-05DB-58DD-B545D4AEA4BF}.Debug|Any CPU.ActiveCfg = Debug|Any CPU
		{6860A676-2875-05DB-58DD-B545D4AEA4BF}.Debug|Any CPU.Build.0 = Debug|Any CPU
		{6860A676-2875-05DB-58DD-B545D4AEA4BF}.Release|Any CPU.ActiveCfg = Release|Any CPU
		{6860A676-2875-05DB-58DD-B545D4AEA4BF}.Release|Any CPU.Build.0 = Release|Any CPU
		{4DC771CC-AE62-3666-EE1B-6ABB77588D6A}.Debug|Any CPU.ActiveCfg = Debug|Any CPU
		{4DC771CC-AE62-3666-EE1B-6ABB77588D6A}.Debug|Any CPU.Build.0 = Debug|Any CPU
		{4DC771CC-AE62-3666-EE1B-6ABB77588D6A}.Release|Any CPU.ActiveCfg = Release|Any CPU
		{4DC771CC-AE62-3666-EE1B-6ABB77588D6A}.Release|Any CPU.Build.0 = Release|Any CPU
		{2E0989E3-29E3-F15A-880B-4ACB542353CE}.Debug|Any CPU.ActiveCfg = Debug|Any CPU
		{2E0989E3-29E3-F15A-880B-4ACB542353CE}.Debug|Any CPU.Build.0 = Debug|Any CPU
		{2E0989E3-29E3-F15A-880B-4ACB542353CE}.Release|Any CPU.ActiveCfg = Release|Any CPU
		{2E0989E3-29E3-F15A-880B-4ACB542353CE}.Release|Any CPU.Build.0 = Release|Any CPU
		{D3D5CD03-BA21-C8DC-6D20-8C631263447F}.Debug|Any CPU.ActiveCfg = Debug|Any CPU
		{D3D5CD03-BA21-C8DC-6D20-8C631263447F}.Debug|Any CPU.Build.0 = Debug|Any CPU
		{D3D5CD03-BA21-C8DC-6D20-8C631263447F}.Release|Any CPU.ActiveCfg = Release|Any CPU
		{D3D5CD03-BA21-C8DC-6D20-8C631263447F}.Release|Any CPU.Build.0 = Release|Any CPU
		{B71EDEC9-E867-814B-3AFA-4002F0DFA5C0}.Debug|Any CPU.ActiveCfg = Debug|Any CPU
		{B71EDEC9-E867-814B-3AFA-4002F0DFA5C0}.Debug|Any CPU.Build.0 = Debug|Any CPU
		{B71EDEC9-E867-814B-3AFA-4002F0DFA5C0}.Release|Any CPU.ActiveCfg = Release|Any CPU
		{B71EDEC9-E867-814B-3AFA-4002F0DFA5C0}.Release|Any CPU.Build.0 = Release|Any CPU
		{4C9E4C6E-64C7-54DE-CF30-977AED0F0E77}.Debug|Any CPU.ActiveCfg = Debug|Any CPU
		{4C9E4C6E-64C7-54DE-CF30-977AED0F0E77}.Debug|Any CPU.Build.0 = Debug|Any CPU
		{4C9E4C6E-64C7-54DE-CF30-977AED0F0E77}.Release|Any CPU.ActiveCfg = Release|Any CPU
		{4C9E4C6E-64C7-54DE-CF30-977AED0F0E77}.Release|Any CPU.Build.0 = Release|Any CPU
	EndGlobalSection
	GlobalSection(SolutionProperties) = preSolution
		HideSolutionNode = FALSE
	EndGlobalSection
EndGlobal
